
Microsoft Visual Studio Solution File, Format Version 12.00
# Visual Studio 15
VisualStudioVersion = 15.0.28307.902
MinimumVisualStudioVersion = 10.0.40219.1
Project("{9A19103F-16F7-4668-BE54-9A1E7A4F7556}") = "Blog.UiFunction", "Blog.UiFunction\Blog.UiFunction.csproj", "{3FFF2636-24FB-46B4-A686-498387D5332A}"
EndProject
Project("{9A19103F-16F7-4668-BE54-9A1E7A4F7556}") = "Guyabano", "Guyabano\Guyabano.csproj", "{3344F850-F080-4A54-B674-768803550CA9}"
EndProject
Project("{9A19103F-16F7-4668-BE54-9A1E7A4F7556}") = "Blog.Persistence", "Blog.Persistence\Blog.Persistence.csproj", "{8A7B72E0-BB9B-4E16-8988-99227AA8FAC6}"
EndProject
Project("{9A19103F-16F7-4668-BE54-9A1E7A4F7556}") = "Blog.Service", "Blog.Service\Blog.Service.csproj", "{977A9D82-C570-4FAB-A0DB-08449156B85C}"
EndProject
Project("{9A19103F-16F7-4668-BE54-9A1E7A4F7556}") = "Guyabano.DepenencyInjection", "Guyabano.DepenencyInjection\Guyabano.DepenencyInjection.csproj", "{C2060325-121E-4C29-93BC-B084A50F7C8C}"
EndProject
Project("{FAE04EC0-301F-11D3-BF4B-00C04F79EFBC}") = "Blog.Graphql.Function", "Blog.GraphqlFunction\Blog.GraphqlFunction.csproj", "{134B72E6-80BD-47E0-B7DB-7ED3BE51D215}"
EndProject
Global
	GlobalSection(SolutionConfigurationPlatforms) = preSolution
		Debug|Any CPU = Debug|Any CPU
		Release|Any CPU = Release|Any CPU
	EndGlobalSection
	GlobalSection(ProjectConfigurationPlatforms) = postSolution
		{3FFF2636-24FB-46B4-A686-498387D5332A}.Debug|Any CPU.ActiveCfg = Debug|Any CPU
		{3FFF2636-24FB-46B4-A686-498387D5332A}.Debug|Any CPU.Build.0 = Debug|Any CPU
		{3FFF2636-24FB-46B4-A686-498387D5332A}.Release|Any CPU.ActiveCfg = Release|Any CPU
		{3FFF2636-24FB-46B4-A686-498387D5332A}.Release|Any CPU.Build.0 = Release|Any CPU
		{3344F850-F080-4A54-B674-768803550CA9}.Debug|Any CPU.ActiveCfg = Debug|Any CPU
		{3344F850-F080-4A54-B674-768803550CA9}.Debug|Any CPU.Build.0 = Debug|Any CPU
		{3344F850-F080-4A54-B674-768803550CA9}.Release|Any CPU.ActiveCfg = Release|Any CPU
		{3344F850-F080-4A54-B674-768803550CA9}.Release|Any CPU.Build.0 = Release|Any CPU
		{8A7B72E0-BB9B-4E16-8988-99227AA8FAC6}.Debug|Any CPU.ActiveCfg = Debug|Any CPU
		{8A7B72E0-BB9B-4E16-8988-99227AA8FAC6}.Debug|Any CPU.Build.0 = Debug|Any CPU
		{8A7B72E0-BB9B-4E16-8988-99227AA8FAC6}.Release|Any CPU.ActiveCfg = Release|Any CPU
		{8A7B72E0-BB9B-4E16-8988-99227AA8FAC6}.Release|Any CPU.Build.0 = Release|Any CPU
		{977A9D82-C570-4FAB-A0DB-08449156B85C}.Debug|Any CPU.ActiveCfg = Debug|Any CPU
		{977A9D82-C570-4FAB-A0DB-08449156B85C}.Debug|Any CPU.Build.0 = Debug|Any CPU
		{977A9D82-C570-4FAB-A0DB-08449156B85C}.Release|Any CPU.ActiveCfg = Release|Any CPU
		{977A9D82-C570-4FAB-A0DB-08449156B85C}.Release|Any CPU.Build.0 = Release|Any CPU
		{C2060325-121E-4C29-93BC-B084A50F7C8C}.Debug|Any CPU.ActiveCfg = Debug|Any CPU
		{C2060325-121E-4C29-93BC-B084A50F7C8C}.Debug|Any CPU.Build.0 = Debug|Any CPU
		{C2060325-121E-4C29-93BC-B084A50F7C8C}.Release|Any CPU.ActiveCfg = Release|Any CPU
		{C2060325-121E-4C29-93BC-B084A50F7C8C}.Release|Any CPU.Build.0 = Release|Any CPU
		{134B72E6-80BD-47E0-B7DB-7ED3BE51D215}.Debug|Any CPU.ActiveCfg = Debug|Any CPU
		{134B72E6-80BD-47E0-B7DB-7ED3BE51D215}.Debug|Any CPU.Build.0 = Debug|Any CPU
		{134B72E6-80BD-47E0-B7DB-7ED3BE51D215}.Release|Any CPU.ActiveCfg = Release|Any CPU
		{134B72E6-80BD-47E0-B7DB-7ED3BE51D215}.Release|Any CPU.Build.0 = Release|Any CPU
	EndGlobalSection
	GlobalSection(SolutionProperties) = preSolution
		HideSolutionNode = FALSE
	EndGlobalSection
	GlobalSection(ExtensibilityGlobals) = postSolution
		SolutionGuid = {DE12B4CE-63F5-47F4-B61D-696AE7E60D98}
	EndGlobalSection
EndGlobal
